// !$*UTF8*$!
{
	archiveVersion = 1;
	classes = {
	};
	objectVersion = 50;
	objects = {

/* Begin PBXBuildFile section */
		024B42AB225743E600557E47 /* CameraViewController.swift in Sources */ = {isa = PBXBuildFile; fileRef = 024B42AA225743E600557E47 /* CameraViewController.swift */; };
		024B42AD22574CA200557E47 /* PreviewView.swift in Sources */ = {isa = PBXBuildFile; fileRef = 024B42AC22574CA200557E47 /* PreviewView.swift */; };
		024B42AF2257597500557E47 /* AVCaptureVideoOrientation.swift in Sources */ = {isa = PBXBuildFile; fileRef = 024B42AE2257597500557E47 /* AVCaptureVideoOrientation.swift */; };
		024B42B122576EB200557E47 /* PhotoCaptureDelegate.swift in Sources */ = {isa = PBXBuildFile; fileRef = 024B42B022576EB200557E47 /* PhotoCaptureDelegate.swift */; };
		024D9D4B22511CBA00061EE9 /* CGRect+Center.swift in Sources */ = {isa = PBXBuildFile; fileRef = 024D9D4A22511CBA00061EE9 /* CGRect+Center.swift */; };
		02B20586224A594D00DED682 /* AppDelegate.swift in Sources */ = {isa = PBXBuildFile; fileRef = 02B20585224A594D00DED682 /* AppDelegate.swift */; };
		02B20588224A594D00DED682 /* HomeViewController.swift in Sources */ = {isa = PBXBuildFile; fileRef = 02B20587224A594D00DED682 /* HomeViewController.swift */; };
		02B2058B224A594D00DED682 /* Main.storyboard in Resources */ = {isa = PBXBuildFile; fileRef = 02B20589224A594D00DED682 /* Main.storyboard */; };
		02B2058D224A594F00DED682 /* Assets.xcassets in Resources */ = {isa = PBXBuildFile; fileRef = 02B2058C224A594F00DED682 /* Assets.xcassets */; };
		02B20590224A594F00DED682 /* LaunchScreen.storyboard in Resources */ = {isa = PBXBuildFile; fileRef = 02B2058E224A594F00DED682 /* LaunchScreen.storyboard */; };
		02B20598224A68B200DED682 /* TrimmingViewController.swift in Sources */ = {isa = PBXBuildFile; fileRef = 02B20597224A68B200DED682 /* TrimmingViewController.swift */; };
		02B2059C224A768900DED682 /* MyNavigationController.swift in Sources */ = {isa = PBXBuildFile; fileRef = 02B2059B224A768900DED682 /* MyNavigationController.swift */; };
		02B2059E224A7A7500DED682 /* UIImage+Trimming.swift in Sources */ = {isa = PBXBuildFile; fileRef = 02B2059D224A7A7500DED682 /* UIImage+Trimming.swift */; };
		02B205A0224ACC9E00DED682 /* PhotoPreviewViewController.swift in Sources */ = {isa = PBXBuildFile; fileRef = 02B2059F224ACC9E00DED682 /* PhotoPreviewViewController.swift */; };
		02B205A2224ADCA500DED682 /* NotificationExtension.swift in Sources */ = {isa = PBXBuildFile; fileRef = 02B205A1224ADCA500DED682 /* NotificationExtension.swift */; };
		02B205A5224B35D300DED682 /* GridCollectionViewCell.swift in Sources */ = {isa = PBXBuildFile; fileRef = 02B205A3224B35D300DED682 /* GridCollectionViewCell.swift */; };
		02B205A8224B666600DED682 /* CameraTestViewController.swift in Sources */ = {isa = PBXBuildFile; fileRef = 02B205A7224B666600DED682 /* CameraTestViewController.swift */; };
/* End PBXBuildFile section */

/* Begin PBXFileReference section */
		024B42AA225743E600557E47 /* CameraViewController.swift */ = {isa = PBXFileReference; lastKnownFileType = sourcecode.swift; path = CameraViewController.swift; sourceTree = "<group>"; };
		024B42AC22574CA200557E47 /* PreviewView.swift */ = {isa = PBXFileReference; lastKnownFileType = sourcecode.swift; path = PreviewView.swift; sourceTree = "<group>"; };
		024B42AE2257597500557E47 /* AVCaptureVideoOrientation.swift */ = {isa = PBXFileReference; lastKnownFileType = sourcecode.swift; path = AVCaptureVideoOrientation.swift; sourceTree = "<group>"; };
		024B42B022576EB200557E47 /* PhotoCaptureDelegate.swift */ = {isa = PBXFileReference; lastKnownFileType = sourcecode.swift; path = PhotoCaptureDelegate.swift; sourceTree = "<group>"; };
		024D9D4A22511CBA00061EE9 /* CGRect+Center.swift */ = {isa = PBXFileReference; lastKnownFileType = sourcecode.swift; path = "CGRect+Center.swift"; sourceTree = "<group>"; };
		02B20582224A594D00DED682 /* TrimmingTest.app */ = {isa = PBXFileReference; explicitFileType = wrapper.application; includeInIndex = 0; path = TrimmingTest.app; sourceTree = BUILT_PRODUCTS_DIR; };
		02B20585224A594D00DED682 /* AppDelegate.swift */ = {isa = PBXFileReference; lastKnownFileType = sourcecode.swift; path = AppDelegate.swift; sourceTree = "<group>"; };
		02B20587224A594D00DED682 /* HomeViewController.swift */ = {isa = PBXFileReference; lastKnownFileType = sourcecode.swift; path = HomeViewController.swift; sourceTree = "<group>"; };
		02B2058A224A594D00DED682 /* Base */ = {isa = PBXFileReference; lastKnownFileType = file.storyboard; name = Base; path = Base.lproj/Main.storyboard; sourceTree = "<group>"; };
		02B2058C224A594F00DED682 /* Assets.xcassets */ = {isa = PBXFileReference; lastKnownFileType = folder.assetcatalog; path = Assets.xcassets; sourceTree = "<group>"; };
		02B2058F224A594F00DED682 /* Base */ = {isa = PBXFileReference; lastKnownFileType = file.storyboard; name = Base; path = Base.lproj/LaunchScreen.storyboard; sourceTree = "<group>"; };
		02B20591224A594F00DED682 /* Info.plist */ = {isa = PBXFileReference; lastKnownFileType = text.plist.xml; path = Info.plist; sourceTree = "<group>"; };
		02B20597224A68B200DED682 /* TrimmingViewController.swift */ = {isa = PBXFileReference; lastKnownFileType = sourcecode.swift; path = TrimmingViewController.swift; sourceTree = "<group>"; };
		02B2059B224A768900DED682 /* MyNavigationController.swift */ = {isa = PBXFileReference; lastKnownFileType = sourcecode.swift; path = MyNavigationController.swift; sourceTree = "<group>"; };
		02B2059D224A7A7500DED682 /* UIImage+Trimming.swift */ = {isa = PBXFileReference; lastKnownFileType = sourcecode.swift; path = "UIImage+Trimming.swift"; sourceTree = "<group>"; };
		02B2059F224ACC9E00DED682 /* PhotoPreviewViewController.swift */ = {isa = PBXFileReference; lastKnownFileType = sourcecode.swift; path = PhotoPreviewViewController.swift; sourceTree = "<group>"; };
		02B205A1224ADCA500DED682 /* NotificationExtension.swift */ = {isa = PBXFileReference; lastKnownFileType = sourcecode.swift; path = NotificationExtension.swift; sourceTree = "<group>"; };
		02B205A3224B35D300DED682 /* GridCollectionViewCell.swift */ = {isa = PBXFileReference; lastKnownFileType = sourcecode.swift; path = GridCollectionViewCell.swift; sourceTree = "<group>"; };
		02B205A7224B666600DED682 /* CameraTestViewController.swift */ = {isa = PBXFileReference; lastKnownFileType = sourcecode.swift; path = CameraTestViewController.swift; sourceTree = "<group>"; };
/* End PBXFileReference section */

/* Begin PBXFrameworksBuildPhase section */
		02B2057F224A594D00DED682 /* Frameworks */ = {
			isa = PBXFrameworksBuildPhase;
			buildActionMask = 2147483647;
			files = (
			);
			runOnlyForDeploymentPostprocessing = 0;
		};
/* End PBXFrameworksBuildPhase section */

/* Begin PBXGroup section */
		022077702251F86C00A77C97 /* Extensions */ = {
			isa = PBXGroup;
			children = (
				02B2059D224A7A7500DED682 /* UIImage+Trimming.swift */,
				024D9D4A22511CBA00061EE9 /* CGRect+Center.swift */,
				02B205A1224ADCA500DED682 /* NotificationExtension.swift */,
				024B42AE2257597500557E47 /* AVCaptureVideoOrientation.swift */,
			);
			path = Extensions;
			sourceTree = "<group>";
		};
		02B20579224A594D00DED682 = {
			isa = PBXGroup;
			children = (
				02B20584224A594D00DED682 /* TrimmingTest */,
				02B20583224A594D00DED682 /* Products */,
			);
			sourceTree = "<group>";
		};
		02B20583224A594D00DED682 /* Products */ = {
			isa = PBXGroup;
			children = (
				02B20582224A594D00DED682 /* TrimmingTest.app */,
			);
			name = Products;
			sourceTree = "<group>";
		};
		02B20584224A594D00DED682 /* TrimmingTest */ = {
			isa = PBXGroup;
			children = (
				02B20585224A594D00DED682 /* AppDelegate.swift */,
				02B2059B224A768900DED682 /* MyNavigationController.swift */,
				02B20587224A594D00DED682 /* HomeViewController.swift */,
				02B20597224A68B200DED682 /* TrimmingViewController.swift */,
				02B2059F224ACC9E00DED682 /* PhotoPreviewViewController.swift */,
				02B205A7224B666600DED682 /* CameraTestViewController.swift */,
				024B42AA225743E600557E47 /* CameraViewController.swift */,
				024B42B022576EB200557E47 /* PhotoCaptureDelegate.swift */,
				024B42AC22574CA200557E47 /* PreviewView.swift */,
				02B205A3224B35D300DED682 /* GridCollectionViewCell.swift */,
				02B20589224A594D00DED682 /* Main.storyboard */,
				022077702251F86C00A77C97 /* Extensions */,
				02B2058C224A594F00DED682 /* Assets.xcassets */,
				02B2058E224A594F00DED682 /* LaunchScreen.storyboard */,
				02B20591224A594F00DED682 /* Info.plist */,
			);
			path = TrimmingTest;
			sourceTree = "<group>";
		};
/* End PBXGroup section */

/* Begin PBXNativeTarget section */
		02B20581224A594D00DED682 /* TrimmingTest */ = {
			isa = PBXNativeTarget;
			buildConfigurationList = 02B20594224A594F00DED682 /* Build configuration list for PBXNativeTarget "TrimmingTest" */;
			buildPhases = (
				02B2057E224A594D00DED682 /* Sources */,
				02B2057F224A594D00DED682 /* Frameworks */,
				02B20580224A594D00DED682 /* Resources */,
			);
			buildRules = (
			);
			dependencies = (
			);
			name = TrimmingTest;
			productName = TrimmingTest;
			productReference = 02B20582224A594D00DED682 /* TrimmingTest.app */;
			productType = "com.apple.product-type.application";
		};
/* End PBXNativeTarget section */

/* Begin PBXProject section */
		02B2057A224A594D00DED682 /* Project object */ = {
			isa = PBXProject;
			attributes = {
				LastSwiftUpdateCheck = 1010;
				LastUpgradeCheck = 1010;
				ORGANIZATIONNAME = "Yunosuke Sakai";
				TargetAttributes = {
					02B20581224A594D00DED682 = {
						CreatedOnToolsVersion = 10.1;
					};
				};
			};
			buildConfigurationList = 02B2057D224A594D00DED682 /* Build configuration list for PBXProject "TrimmingTest" */;
			compatibilityVersion = "Xcode 9.3";
			developmentRegion = en;
			hasScannedForEncodings = 0;
			knownRegions = (
				en,
				Base,
			);
			mainGroup = 02B20579224A594D00DED682;
			productRefGroup = 02B20583224A594D00DED682 /* Products */;
			projectDirPath = "";
			projectRoot = "";
			targets = (
				02B20581224A594D00DED682 /* TrimmingTest */,
			);
		};
/* End PBXProject section */

/* Begin PBXResourcesBuildPhase section */
		02B20580224A594D00DED682 /* Resources */ = {
			isa = PBXResourcesBuildPhase;
			buildActionMask = 2147483647;
			files = (
				02B20590224A594F00DED682 /* LaunchScreen.storyboard in Resources */,
				02B2058D224A594F00DED682 /* Assets.xcassets in Resources */,
				02B2058B224A594D00DED682 /* Main.storyboard in Resources */,
			);
			runOnlyForDeploymentPostprocessing = 0;
		};
/* End PBXResourcesBuildPhase section */

/* Begin PBXSourcesBuildPhase section */
		02B2057E224A594D00DED682 /* Sources */ = {
			isa = PBXSourcesBuildPhase;
			buildActionMask = 2147483647;
			files = (
				024B42AB225743E600557E47 /* CameraViewController.swift in Sources */,
				024D9D4B22511CBA00061EE9 /* CGRect+Center.swift in Sources */,
				024B42AF2257597500557E47 /* AVCaptureVideoOrientation.swift in Sources */,
				02B20588224A594D00DED682 /* HomeViewController.swift in Sources */,
				02B2059C224A768900DED682 /* MyNavigationController.swift in Sources */,
				02B20598224A68B200DED682 /* TrimmingViewController.swift in Sources */,
				024B42AD22574CA200557E47 /* PreviewView.swift in Sources */,
				02B2059E224A7A7500DED682 /* UIImage+Trimming.swift in Sources */,
				02B205A5224B35D300DED682 /* GridCollectionViewCell.swift in Sources */,
				024B42B122576EB200557E47 /* PhotoCaptureDelegate.swift in Sources */,
				02B20586224A594D00DED682 /* AppDelegate.swift in Sources */,
				02B205A2224ADCA500DED682 /* NotificationExtension.swift in Sources */,
				02B205A0224ACC9E00DED682 /* PhotoPreviewViewController.swift in Sources */,
				02B205A8224B666600DED682 /* CameraTestViewController.swift in Sources */,
			);
			runOnlyForDeploymentPostprocessing = 0;
		};
/* End PBXSourcesBuildPhase section */

/* Begin PBXVariantGroup section */
		02B20589224A594D00DED682 /* Main.storyboard */ = {
			isa = PBXVariantGroup;
			children = (
				02B2058A224A594D00DED682 /* Base */,
			);
			name = Main.storyboard;
			sourceTree = "<group>";
		};
		02B2058E224A594F00DED682 /* LaunchScreen.storyboard */ = {
			isa = PBXVariantGroup;
			children = (
				02B2058F224A594F00DED682 /* Base */,
			);
			name = LaunchScreen.storyboard;
			sourceTree = "<group>";
		};
/* End PBXVariantGroup section */

/* Begin XCBuildConfiguration section */
		02B20592224A594F00DED682 /* Debug */ = {
			isa = XCBuildConfiguration;
			buildSettings = {
				ALWAYS_SEARCH_USER_PATHS = NO;
				CLANG_ANALYZER_NONNULL = YES;
				CLANG_ANALYZER_NUMBER_OBJECT_CONVERSION = YES_AGGRESSIVE;
				CLANG_CXX_LANGUAGE_STANDARD = "gnu++14";
				CLANG_CXX_LIBRARY = "libc++";
				CLANG_ENABLE_MODULES = YES;
				CLANG_ENABLE_OBJC_ARC = YES;
				CLANG_ENABLE_OBJC_WEAK = YES;
				CLANG_WARN_BLOCK_CAPTURE_AUTORELEASING = YES;
				CLANG_WARN_BOOL_CONVERSION = YES;
				CLANG_WARN_COMMA = YES;
				CLANG_WARN_CONSTANT_CONVERSION = YES;
				CLANG_WARN_DEPRECATED_OBJC_IMPLEMENTATIONS = YES;
				CLANG_WARN_DIRECT_OBJC_ISA_USAGE = YES_ERROR;
				CLANG_WARN_DOCUMENTATION_COMMENTS = YES;
				CLANG_WARN_EMPTY_BODY = YES;
				CLANG_WARN_ENUM_CONVERSION = YES;
				CLANG_WARN_INFINITE_RECURSION = YES;
				CLANG_WARN_INT_CONVERSION = YES;
				CLANG_WARN_NON_LITERAL_NULL_CONVERSION = YES;
				CLANG_WARN_OBJC_IMPLICIT_RETAIN_SELF = YES;
				CLANG_WARN_OBJC_LITERAL_CONVERSION = YES;
				CLANG_WARN_OBJC_ROOT_CLASS = YES_ERROR;
				CLANG_WARN_RANGE_LOOP_ANALYSIS = YES;
				CLANG_WARN_STRICT_PROTOTYPES = YES;
				CLANG_WARN_SUSPICIOUS_MOVE = YES;
				CLANG_WARN_UNGUARDED_AVAILABILITY = YES_AGGRESSIVE;
				CLANG_WARN_UNREACHABLE_CODE = YES;
				CLANG_WARN__DUPLICATE_METHOD_MATCH = YES;
				CODE_SIGN_IDENTITY = "iPhone Developer";
				COPY_PHASE_STRIP = NO;
				DEBUG_INFORMATION_FORMAT = dwarf;
				ENABLE_STRICT_OBJC_MSGSEND = YES;
				ENABLE_TESTABILITY = YES;
				GCC_C_LANGUAGE_STANDARD = gnu11;
				GCC_DYNAMIC_NO_PIC = NO;
				GCC_NO_COMMON_BLOCKS = YES;
				GCC_OPTIMIZATION_LEVEL = 0;
				GCC_PREPROCESSOR_DEFINITIONS = (
					"DEBUG=1",
					"$(inherited)",
				);
				GCC_WARN_64_TO_32_BIT_CONVERSION = YES;
				GCC_WARN_ABOUT_RETURN_TYPE = YES_ERROR;
				GCC_WARN_UNDECLARED_SELECTOR = YES;
				GCC_WARN_UNINITIALIZED_AUTOS = YES_AGGRESSIVE;
				GCC_WARN_UNUSED_FUNCTION = YES;
				GCC_WARN_UNUSED_VARIABLE = YES;
				IPHONEOS_DEPLOYMENT_TARGET = 12.1;
				MTL_ENABLE_DEBUG_INFO = INCLUDE_SOURCE;
				MTL_FAST_MATH = YES;
				ONLY_ACTIVE_ARCH = YES;
				SDKROOT = iphoneos;
				SWIFT_ACTIVE_COMPILATION_CONDITIONS = DEBUG;
				SWIFT_OPTIMIZATION_LEVEL = "-Onone";
			};
			name = Debug;
		};
		02B20593224A594F00DED682 /* Release */ = {
			isa = XCBuildConfiguration;
			buildSettings = {
				ALWAYS_SEARCH_USER_PATHS = NO;
				CLANG_ANALYZER_NONNULL = YES;
				CLANG_ANALYZER_NUMBER_OBJECT_CONVERSION = YES_AGGRESSIVE;
				CLANG_CXX_LANGUAGE_STANDARD = "gnu++14";
				CLANG_CXX_LIBRARY = "libc++";
				CLANG_ENABLE_MODULES = YES;
				CLANG_ENABLE_OBJC_ARC = YES;
				CLANG_ENABLE_OBJC_WEAK = YES;
				CLANG_WARN_BLOCK_CAPTURE_AUTORELEASING = YES;
				CLANG_WARN_BOOL_CONVERSION = YES;
				CLANG_WARN_COMMA = YES;
				CLANG_WARN_CONSTANT_CONVERSION = YES;
				CLANG_WARN_DEPRECATED_OBJC_IMPLEMENTATIONS = YES;
				CLANG_WARN_DIRECT_OBJC_ISA_USAGE = YES_ERROR;
				CLANG_WARN_DOCUMENTATION_COMMENTS = YES;
				CLANG_WARN_EMPTY_BODY = YES;
				CLANG_WARN_ENUM_CONVERSION = YES;
				CLANG_WARN_INFINITE_RECURSION = YES;
				CLANG_WARN_INT_CONVERSION = YES;
				CLANG_WARN_NON_LITERAL_NULL_CONVERSION = YES;
				CLANG_WARN_OBJC_IMPLICIT_RETAIN_SELF = YES;
				CLANG_WARN_OBJC_LITERAL_CONVERSION = YES;
				CLANG_WARN_OBJC_ROOT_CLASS = YES_ERROR;
				CLANG_WARN_RANGE_LOOP_ANALYSIS = YES;
				CLANG_WARN_STRICT_PROTOTYPES = YES;
				CLANG_WARN_SUSPICIOUS_MOVE = YES;
				CLANG_WARN_UNGUARDED_AVAILABILITY = YES_AGGRESSIVE;
				CLANG_WARN_UNREACHABLE_CODE = YES;
				CLANG_WARN__DUPLICATE_METHOD_MATCH = YES;
				CODE_SIGN_IDENTITY = "iPhone Developer";
				COPY_PHASE_STRIP = NO;
				DEBUG_INFORMATION_FORMAT = "dwarf-with-dsym";
				ENABLE_NS_ASSERTIONS = NO;
				ENABLE_STRICT_OBJC_MSGSEND = YES;
				GCC_C_LANGUAGE_STANDARD = gnu11;
				GCC_NO_COMMON_BLOCKS = YES;
				GCC_WARN_64_TO_32_BIT_CONVERSION = YES;
				GCC_WARN_ABOUT_RETURN_TYPE = YES_ERROR;
				GCC_WARN_UNDECLARED_SELECTOR = YES;
				GCC_WARN_UNINITIALIZED_AUTOS = YES_AGGRESSIVE;
				GCC_WARN_UNUSED_FUNCTION = YES;
				GCC_WARN_UNUSED_VARIABLE = YES;
				IPHONEOS_DEPLOYMENT_TARGET = 12.1;
				MTL_ENABLE_DEBUG_INFO = NO;
				MTL_FAST_MATH = YES;
				SDKROOT = iphoneos;
				SWIFT_COMPILATION_MODE = wholemodule;
				SWIFT_OPTIMIZATION_LEVEL = "-O";
				VALIDATE_PRODUCT = YES;
			};
			name = Release;
		};
		02B20595224A594F00DED682 /* Debug */ = {
			isa = XCBuildConfiguration;
			buildSettings = {
				ASSETCATALOG_COMPILER_APPICON_NAME = AppIcon;
				CODE_SIGN_STYLE = Automatic;
				DEVELOPMENT_TEAM = H6T6MUCK9A;
				INFOPLIST_FILE = TrimmingTest/Info.plist;
				LD_RUNPATH_SEARCH_PATHS = (
					"$(inherited)",
					"@executable_path/Frameworks",
				);
				PRODUCT_BUNDLE_IDENTIFIER = com.nosukeotsu.TrimmingTest;
				PRODUCT_NAME = "$(TARGET_NAME)";
				SWIFT_VERSION = 4.2;
				TARGETED_DEVICE_FAMILY = "1,2";
			};
			name = Debug;
		};
		02B20596224A594F00DED682 /* Release */ = {
			isa = XCBuildConfiguration;
			buildSettings = {
				ASSETCATALOG_COMPILER_APPICON_NAME = AppIcon;
				CODE_SIGN_STYLE = Automatic;
				DEVELOPMENT_TEAM = H6T6MUCK9A;
				INFOPLIST_FILE = TrimmingTest/Info.plist;
				LD_RUNPATH_SEARCH_PATHS = (
					"$(inherited)",
					"@executable_path/Frameworks",
				);
				PRODUCT_BUNDLE_IDENTIFIER = com.nosukeotsu.TrimmingTest;
				PRODUCT_NAME = "$(TARGET_NAME)";
				SWIFT_VERSION = 4.2;
				TARGETED_DEVICE_FAMILY = "1,2";
			};
			name = Release;
		};
/* End XCBuildConfiguration section */

/* Begin XCConfigurationList section */
		02B2057D224A594D00DED682 /* Build configuration list for PBXProject "TrimmingTest" */ = {
			isa = XCConfigurationList;
			buildConfigurations = (
				02B20592224A594F00DED682 /* Debug */,
				02B20593224A594F00DED682 /* Release */,
			);
			defaultConfigurationIsVisible = 0;
			defaultConfigurationName = Release;
		};
		02B20594224A594F00DED682 /* Build configuration list for PBXNativeTarget "TrimmingTest" */ = {
			isa = XCConfigurationList;
			buildConfigurations = (
				02B20595224A594F00DED682 /* Debug */,
				02B20596224A594F00DED682 /* Release */,
			);
			defaultConfigurationIsVisible = 0;
			defaultConfigurationName = Release;
		};
/* End XCConfigurationList section */
	};
	rootObject = 02B2057A224A594D00DED682 /* Project object */;
}
